
Microsoft Visual Studio Solution File, Format Version 12.00
# Visual Studio Version 16
VisualStudioVersion = 16.0.30517.126
MinimumVisualStudioVersion = 10.0.40219.1
Project("{FAE04EC0-301F-11D3-BF4B-00C04F79EFBC}") = "InitialChar", "InitialChar\InitialChar.csproj", "{5F1F755B-08FE-41DD-956E-026F08DCC2CA}"
EndProject
Global
	GlobalSection(SolutionConfigurationPlatforms) = preSolution
		Debug|Any CPU = Debug|Any CPU
		Release|Any CPU = Release|Any CPU
	EndGlobalSection
	GlobalSection(ProjectConfigurationPlatforms) = postSolution
		{5F1F755B-08FE-41DD-956E-026F08DCC2CA}.Debug|Any CPU.ActiveCfg = Debug|Any CPU
		{5F1F755B-08FE-41DD-956E-026F08DCC2CA}.Debug|Any CPU.Build.0 = Debug|Any CPU
		{5F1F755B-08FE-41DD-956E-026F08DCC2CA}.Release|Any CPU.ActiveCfg = Release|Any CPU
		{5F1F755B-08FE-41DD-956E-026F08DCC2CA}.Release|Any CPU.Build.0 = Release|Any CPU
	EndGlobalSection
	GlobalSection(SolutionProperties) = preSolution
		HideSolutionNode = FALSE
	EndGlobalSection
	GlobalSection(ExtensibilityGlobals) = postSolution
		SolutionGuid = {D634990F-0099-45D1-972B-81820980B55D}
	EndGlobalSection
EndGlobal
